
Microsoft Visual Studio Solution File, Format Version 12.00
# Visual Studio Version 17
VisualStudioVersion = 17.4.33205.214
MinimumVisualStudioVersion = 10.0.40219.1
Project("{888888A0-9F3D-457C-B088-3A5042F75D52}") = "funktsioonid", "funktsioonid\funktsioonid.pyproj", "{17839CF7-85A6-4678-A263-FBD4C2802965}"
EndProject
Global
	GlobalSection(SolutionConfigurationPlatforms) = preSolution
		Debug|Any CPU = Debug|Any CPU
		Release|Any CPU = Release|Any CPU
	EndGlobalSection
	GlobalSection(ProjectConfigurationPlatforms) = postSolution
		{17839CF7-85A6-4678-A263-FBD4C2802965}.Debug|Any CPU.ActiveCfg = Debug|Any CPU
		{17839CF7-85A6-4678-A263-FBD4C2802965}.Release|Any CPU.ActiveCfg = Release|Any CPU
	EndGlobalSection
	GlobalSection(SolutionProperties) = preSolution
		HideSolutionNode = FALSE
	EndGlobalSection
	GlobalSection(ExtensibilityGlobals) = postSolution
		SolutionGuid = {2B38C570-2BAD-47A7-A2A4-59336BC63A48}
	EndGlobalSection
EndGlobal
